
Microsoft Visual Studio Solution File, Format Version 12.00
# Visual Studio Version 16
VisualStudioVersion = 25.0.1706.1
MinimumVisualStudioVersion = 10.0.40219.1
Project("{FAE04EC0-301F-11D3-BF4B-00C04F79EFBC}") = "Alpaca4d.Gh", "Alpaca4d.Gh.csproj", "{319F5080-7548-412A-B245-B477D6FE1518}"
EndProject
Global
	GlobalSection(SolutionConfigurationPlatforms) = preSolution
		Debug|Any CPU = Debug|Any CPU
		Release|Any CPU = Release|Any CPU
	EndGlobalSection
	GlobalSection(ProjectConfigurationPlatforms) = postSolution
		{319F5080-7548-412A-B245-B477D6FE1518}.Debug|Any CPU.ActiveCfg = Debug|Any CPU
		{319F5080-7548-412A-B245-B477D6FE1518}.Debug|Any CPU.Build.0 = Debug|Any CPU
		{319F5080-7548-412A-B245-B477D6FE1518}.Release|Any CPU.ActiveCfg = Release|Any CPU
		{319F5080-7548-412A-B245-B477D6FE1518}.Release|Any CPU.Build.0 = Release|Any CPU
	EndGlobalSection
	GlobalSection(SolutionProperties) = preSolution
		HideSolutionNode = FALSE
	EndGlobalSection
	GlobalSection(ExtensibilityGlobals) = postSolution
		SolutionGuid = {008C8615-5539-4B50-9E25-F315495081D7}
	EndGlobalSection
EndGlobal
